RF_COLORS.filters: First colors in Vega mag system
 15,  12  V - U     = Buser V (15) - Buser   U         (12)
 15,  13  V - B2    = Buser V (15) - Buser   B2        (13)
 15,  14  V - B3    = Buser V (15) - Buser   B3        (14)
 15,  84  V - Rc    = Buser V (15) - Cousins R         (84)
 15,  85  V - Ic    = Buser V (15) - Cousins I         (85)
 15,  32  V - R     = Buser V (15) - Johnson R         (32)
 15,  33  V - I     = Buser V (15) - Johnson I         (33)
 15,  34  V - J     = Buser V (15) - Johnson J         (34)
 15,  35  V - K     = Buser V (15) - Johnson K         (35)
 15,  36  V - L     = Buser V (15) - Johnson L         (36)
 15,  55  V - J     = Buser V (15) - Palomar J         (55)
 15,  56  V - H     = Buser V (15) - Palomar H         (56)
 15,  57  V - K     = Buser V (15) - Palomar K         (57)
 15,  88  V - K'    = Buser V (15) - Cowie   K'        (88)
 15, 125  V - J     = Buser V (15) - 2MASS   J        (125)
 15, 126  V - H     = Buser V (15) - 2MASS   H        (126)
 15, 127  V - Ks    = Buser V (15) - 2MASS   Ks       (127)
 15, 128  V - I3.5  = Buser V (15) - IRAC 3.5 micron  (128)
 15, 129  V - I4.5  = Buser V (15) - IRAC 4.5 micron  (129)
 15, 130  V - I5.7  = Buser V (15) - IRAC 5.7 micron  (130)
 15, 131  V - I7.9  = Buser V (15) - IRAC 7.9 micron  (131)
 15,  71  V - I12   = Buser V (15) - IRAS  12 micron   (71)
 15,  72  V - I25   = Buser V (15) - IRAS  25 micron   (72)
 15,  73  V - I60   = Buser V (15) - IRAS  60 micron   (73)
 15,  74  V - I100  = Buser V (15) - IRAS 100 micron   (74)
 15, 132  V - M24   = Buser V (15) - MIPS  24 micron  (132)
 15, 133  V - M70   = Buser V (15) - MIPS  70 micron  (133)
 15, 134  V - M160  = Buser V (15) - MIPS 160 micron  (134)
RF_COLORS.filters: Next colors in AB system          
121, 120  g - u     = SDSS g (121) - SDSS    u        (120) # SDSS + CFHT + GALEX:
121, 122  g - r     = SDSS g (121) - SDSS    r        (122)
121, 123  g - i     = SDSS g (121) - SDSS    i        (123)
121, 124  g - z     = SDSS g (121) - SDSS    z        (124)
121, 237  g - u1    = SDSS g (121) - CFHT MC u1       (237)
121, 266  g - u3    = SDSS g (121) - CFHT MC u3       (266)
121, 238  g - g1    = SDSS g (121) - CFHT MC g1       (238)
121, 267  g - g3    = SDSS g (121) - CFHT MC g3       (267)
121, 239  g - r1    = SDSS g (121) - CFHT MC r1       (239)
121, 268  g - r3    = SDSS g (121) - CFHT MC r3       (268)
121, 255  g - i2    = SDSS g (121) - CFHT MC i2       (255)
121, 269  g - i3    = SDSS g (121) - CFHT MC i3       (269)
121, 241  g - z1    = SDSS g (121) - CFHT MC z1       (241)
121, 270  g - z3    = SDSS g (121) - CFHT MC z3       (270)
121, 126  g - H     = SDSS g (121) - 2MASS   H        (126)
121, 256  g - Ks    = SDSS g (121) - CFHT WC Ks       (256)
121, 139  g - G1500 = SDSS g (121) - GALEX 1500       (139)
121, 140  g - G2300 = SDSS g (121) - GALEX 2300       (140)
121, 219  g - F220w = SDSS g (121) - F220w.ACS        (219) # HST ACS:
121, 220  g - F250w = SDSS g (121) - F250w.ACS        (220)
121, 221  g - F330w = SDSS g (121) - F330w.ACS        (221)
121, 222  g - F410w = SDSS g (121) - F410w.ACS        (222)
121, 223  g - F435w = SDSS g (121) - F435w.ACS        (223)
121, 224  g - F475w = SDSS g (121) - F475w.ACS        (224)
121, 225  g - F555w = SDSS g (121) - F555w.ACS        (225)
121, 226  g - F606w = SDSS g (121) - F606w.ACS        (226)
121, 227  g - F625w = SDSS g (121) - F625w.ACS        (227)
121, 228  g - F775w = SDSS g (121) - F775w.ACS        (228)
121, 229  g - F814w = SDSS g (121) - F814w.ACS        (229)
121, 197  g - F110W = SDSS g (121) - F110W.WFC3       (197) # HST WFC3:
121, 198  g - F125W = SDSS g (121) - F125W.WFC3       (198)
121, 199  g - F160W = SDSS g (121) - F160W.WFC3       (199)
121, 200  g - F225W = SDSS g (121) - F225W.WFC3       (200)
121, 201  g - F336W = SDSS g (121) - F336W.WFC3       (201)
121, 202  g - FR388N= SDSS g (121) - FR388N.WFC3      (202)
121, 203  g - F438W = SDSS g (121) - F438W.WFC3       (203)
121, 204  g - F555W = SDSS g (121) - F555W.WFC3       (204)
121, 205  g - F814W = SDSS g (121) - F814W.WFC3       (205)
121, 242  g - f225w = SDSS g (121) - f225w.WFC3.UVIS1 (242) # HST WFC3.UVIS1, 08-Feb-2013 (LEGUS):
121, 243  g - f275w = SDSS g (121) - f275w.WFC3.UVIS1 (243)
121, 244  g - f336w = SDSS g (121) - f336w.WFC3.UVIS1 (244)
121, 245  g - f438w = SDSS g (121) - f438w.WFC3.UVIS1 (245)
121, 246  g - f547m = SDSS g (121) - f547m.WFC3.UVIS1 (246)
121, 247  g - f555w = SDSS g (121) - f555w.WFC3.UVIS1 (247)
121, 248  g - f606w = SDSS g (121) - f606w.WFC3.UVIS1 (248)
121, 249  g - f625w = SDSS g (121) - f625w.WFC3.UVIS1 (249)
121, 250  g - f656n = SDSS g (121) - f656n.WFC3.UVIS1 (250)
121, 251  g - f657n = SDSS g (121) - f657n.WFC3.UVIS1 (251)
121, 252  g - f658n = SDSS g (121) - f658n.WFC3.UVIS1 (252)
121, 253  g - f814w = SDSS g (121) - f814w.WFC3.UVIS1 (253)
#121,208  g - f225w = SDSS g (121) - f225w.WFC3.UVIS1 (208) # HST WFC3.UVIS1, 06-Oct-2009 (Rupali Chandar):
#121,209  g - f336w = SDSS g (121) - f336w.WFC3.UVIS1 (209)
#121,293  g - f390w = SDSS g (121) - f390w.WFC3.UVIS1 (293)
#121,210  g - f438w = SDSS g (121) - f438w.WFC3.UVIS1 (210)
#121,294  g - f475w = SDSS g (121) - f475w.WFC3.UVIS1 (294)
#121,211  g - f547m = SDSS g (121) - f547m.WFC3.UVIS1 (211)
#121,212  g - f555w = SDSS g (121) - f555w.WFC3.UVIS1 (212)
#121,213  g - f606w = SDSS g (121) - f606w.WFC3.UVIS1 (213)
#121,214  g - f625w = SDSS g (121) - f625w.WFC3.UVIS1 (214)
#121,215  g - f656n = SDSS g (121) - f656n.WFC3.UVIS1 (215)
#121,216  g - f657n = SDSS g (121) - f657n.WFC3.UVIS1 (216)
#121,217  g - f658n = SDSS g (121) - f658n.WFC3.UVIS1 (217)
#121,295  g - f775w = SDSS g (121) - f775w.WFC3.UVIS1 (295)
#121,218  g - f814w = SDSS g (121) - f814w.WFC3.UVIS1 (218)
